
Microsoft Visual Studio Solution File, Format Version 12.00
# Visual Studio Version 17
VisualStudioVersion = 17.5.33502.453
MinimumVisualStudioVersion = 10.0.40219.1
Project("{FAE04EC0-301F-11D3-BF4B-00C04F79EFBC}") = "ecommerceLM.Server", "ecommerceLM\Server\ecommerceLM.Server.csproj", "{2CBE94C0-AD83-41ED-9E1C-F810ED635F2A}"
EndProject
Project("{FAE04EC0-301F-11D3-BF4B-00C04F79EFBC}") = "ecommerceLM.Client", "ecommerceLM\Client\ecommerceLM.Client.csproj", "{AD991AB3-A5AF-4D30-8DB4-D3129CE26867}"
EndProject
Project("{FAE04EC0-301F-11D3-BF4B-00C04F79EFBC}") = "ecommerceLM.Shared", "ecommerceLM\Shared\ecommerceLM.Shared.csproj", "{EDBB3923-E004-4CAF-AF51-76F04447750B}"
EndProject
Global
	GlobalSection(SolutionConfigurationPlatforms) = preSolution
		Debug|Any CPU = Debug|Any CPU
		Release|Any CPU = Release|Any CPU
	EndGlobalSection
	GlobalSection(ProjectConfigurationPlatforms) = postSolution
		{2CBE94C0-AD83-41ED-9E1C-F810ED635F2A}.Debug|Any CPU.ActiveCfg = Debug|Any CPU
		{2CBE94C0-AD83-41ED-9E1C-F810ED635F2A}.Debug|Any CPU.Build.0 = Debug|Any CPU
		{2CBE94C0-AD83-41ED-9E1C-F810ED635F2A}.Release|Any CPU.ActiveCfg = Release|Any CPU
		{2CBE94C0-AD83-41ED-9E1C-F810ED635F2A}.Release|Any CPU.Build.0 = Release|Any CPU
		{AD991AB3-A5AF-4D30-8DB4-D3129CE26867}.Debug|Any CPU.ActiveCfg = Debug|Any CPU
		{AD991AB3-A5AF-4D30-8DB4-D3129CE26867}.Debug|Any CPU.Build.0 = Debug|Any CPU
		{AD991AB3-A5AF-4D30-8DB4-D3129CE26867}.Release|Any CPU.ActiveCfg = Release|Any CPU
		{AD991AB3-A5AF-4D30-8DB4-D3129CE26867}.Release|Any CPU.Build.0 = Release|Any CPU
		{EDBB3923-E004-4CAF-AF51-76F04447750B}.Debug|Any CPU.ActiveCfg = Debug|Any CPU
		{EDBB3923-E004-4CAF-AF51-76F04447750B}.Debug|Any CPU.Build.0 = Debug|Any CPU
		{EDBB3923-E004-4CAF-AF51-76F04447750B}.Release|Any CPU.ActiveCfg = Release|Any CPU
		{EDBB3923-E004-4CAF-AF51-76F04447750B}.Release|Any CPU.Build.0 = Release|Any CPU
	EndGlobalSection
	GlobalSection(SolutionProperties) = preSolution
		HideSolutionNode = FALSE
	EndGlobalSection
	GlobalSection(ExtensibilityGlobals) = postSolution
		SolutionGuid = {E2AADA67-9731-4094-A0DF-C094139F4965}
	EndGlobalSection
EndGlobal
